// !$*UTF8*$!
{
	archiveVersion = 1;
	classes = {
	};
	objectVersion = 46;
	objects = {

/* Begin PBXBuildFile section */
		874C720F1EB4E36400FE355B /* RoundTextField.swift in Sources */ = {isa = PBXBuildFile; fileRef = 874C720E1EB4E36400FE355B /* RoundTextField.swift */; };
		874C72151EB4FFDC00FE355B /* RoundImageView.swift in Sources */ = {isa = PBXBuildFile; fileRef = 874C72141EB4FFDC00FE355B /* RoundImageView.swift */; };
		874C72191EB5053E00FE355B /* RoundSegmentControl.swift in Sources */ = {isa = PBXBuildFile; fileRef = 874C72181EB5053E00FE355B /* RoundSegmentControl.swift */; };
		874C721B1EB5115300FE355B /* RoundButton.swift in Sources */ = {isa = PBXBuildFile; fileRef = 874C721A1EB5115300FE355B /* RoundButton.swift */; };
		BDB22F6B1EB4873F00FD4361 /* AppDelegate.swift in Sources */ = {isa = PBXBuildFile; fileRef = BDB22F6A1EB4873F00FD4361 /* AppDelegate.swift */; };
		BDB22F6D1EB4873F00FD4361 /* ViewController.swift in Sources */ = {isa = PBXBuildFile; fileRef = BDB22F6C1EB4873F00FD4361 /* ViewController.swift */; };
		BDB22F701EB4873F00FD4361 /* Main.storyboard in Resources */ = {isa = PBXBuildFile; fileRef = BDB22F6E1EB4873F00FD4361 /* Main.storyboard */; };
		BDB22F731EB4873F00FD4361 /* HaCareem_Dexterous.xcdatamodeld in Sources */ = {isa = PBXBuildFile; fileRef = BDB22F711EB4873F00FD4361 /* HaCareem_Dexterous.xcdatamodeld */; };
		BDB22F751EB4873F00FD4361 /* Assets.xcassets in Resources */ = {isa = PBXBuildFile; fileRef = BDB22F741EB4873F00FD4361 /* Assets.xcassets */; };
		BDB22F781EB4873F00FD4361 /* LaunchScreen.storyboard in Resources */ = {isa = PBXBuildFile; fileRef = BDB22F761EB4873F00FD4361 /* LaunchScreen.storyboard */; };
		F7954139BCE1523D5AB0EBA9 /* Pods_HaCareem_Dexterous.framework in Frameworks */ = {isa = PBXBuildFile; fileRef = B87D2AC7E782F84736AB9C1E /* Pods_HaCareem_Dexterous.framework */; };
/* End PBXBuildFile section */

/* Begin PBXFileReference section */
		35F384466A615BD45DE14EA9 /* Pods-HaCareem_Dexterous.debug.xcconfig */ = {isa = PBXFileReference; includeInIndex = 1; lastKnownFileType = text.xcconfig; name = "Pods-HaCareem_Dexterous.debug.xcconfig"; path = "Pods/Target Support Files/Pods-HaCareem_Dexterous/Pods-HaCareem_Dexterous.debug.xcconfig"; sourceTree = "<group>"; };
		874C720E1EB4E36400FE355B /* RoundTextField.swift */ = {isa = PBXFileReference; fileEncoding = 4; lastKnownFileType = sourcecode.swift; path = RoundTextField.swift; sourceTree = "<group>"; };
		874C72141EB4FFDC00FE355B /* RoundImageView.swift */ = {isa = PBXFileReference; fileEncoding = 4; lastKnownFileType = sourcecode.swift; path = RoundImageView.swift; sourceTree = "<group>"; };
		874C72181EB5053E00FE355B /* RoundSegmentControl.swift */ = {isa = PBXFileReference; fileEncoding = 4; lastKnownFileType = sourcecode.swift; path = RoundSegmentControl.swift; sourceTree = "<group>"; };
		874C721A1EB5115300FE355B /* RoundButton.swift */ = {isa = PBXFileReference; fileEncoding = 4; lastKnownFileType = sourcecode.swift; path = RoundButton.swift; sourceTree = "<group>"; };
		B87D2AC7E782F84736AB9C1E /* Pods_HaCareem_Dexterous.framework */ = {isa = PBXFileReference; explicitFileType = wrapper.framework; includeInIndex = 0; path = Pods_HaCareem_Dexterous.framework; sourceTree = BUILT_PRODUCTS_DIR; };
		BDB22F671EB4873F00FD4361 /* HaCareem_Dexterous.app */ = {isa = PBXFileReference; explicitFileType = wrapper.application; includeInIndex = 0; path = HaCareem_Dexterous.app; sourceTree = BUILT_PRODUCTS_DIR; };
		BDB22F6A1EB4873F00FD4361 /* AppDelegate.swift */ = {isa = PBXFileReference; lastKnownFileType = sourcecode.swift; path = AppDelegate.swift; sourceTree = "<group>"; };
		BDB22F6C1EB4873F00FD4361 /* ViewController.swift */ = {isa = PBXFileReference; lastKnownFileType = sourcecode.swift; path = ViewController.swift; sourceTree = "<group>"; };
		BDB22F6F1EB4873F00FD4361 /* Base */ = {isa = PBXFileReference; lastKnownFileType = file.storyboard; name = Base; path = Base.lproj/Main.storyboard; sourceTree = "<group>"; };
		BDB22F721EB4873F00FD4361 /* HaCareem_Dexterous.xcdatamodel */ = {isa = PBXFileReference; lastKnownFileType = wrapper.xcdatamodel; path = HaCareem_Dexterous.xcdatamodel; sourceTree = "<group>"; };
		BDB22F741EB4873F00FD4361 /* Assets.xcassets */ = {isa = PBXFileReference; lastKnownFileType = folder.assetcatalog; path = Assets.xcassets; sourceTree = "<group>"; };
		BDB22F771EB4873F00FD4361 /* Base */ = {isa = PBXFileReference; lastKnownFileType = file.storyboard; name = Base; path = Base.lproj/LaunchScreen.storyboard; sourceTree = "<group>"; };
		BDB22F791EB4873F00FD4361 /* Info.plist */ = {isa = PBXFileReference; lastKnownFileType = text.plist.xml; path = Info.plist; sourceTree = "<group>"; };
		CA0D339F7EA4A1598AB5614C /* Pods-HaCareem_Dexterous.release.xcconfig */ = {isa = PBXFileReference; includeInIndex = 1; lastKnownFileType = text.xcconfig; name = "Pods-HaCareem_Dexterous.release.xcconfig"; path = "Pods/Target Support Files/Pods-HaCareem_Dexterous/Pods-HaCareem_Dexterous.release.xcconfig"; sourceTree = "<group>"; };
/* End PBXFileReference section */

/* Begin PBXFrameworksBuildPhase section */
		BDB22F641EB4873F00FD4361 /* Frameworks */ = {
			isa = PBXFrameworksBuildPhase;
			buildActionMask = 2147483647;
			files = (
				F7954139BCE1523D5AB0EBA9 /* Pods_HaCareem_Dexterous.framework in Frameworks */,
			);
			runOnlyForDeploymentPostprocessing = 0;
		};
/* End PBXFrameworksBuildPhase section */

/* Begin PBXGroup section */
		6946AC9691DF08C4E5820DE1 /* Frameworks */ = {
			isa = PBXGroup;
			children = (
				B87D2AC7E782F84736AB9C1E /* Pods_HaCareem_Dexterous.framework */,
			);
			name = Frameworks;
			sourceTree = "<group>";
		};
		85AD34EFCBD4DB9232BD9A42 /* Pods */ = {
			isa = PBXGroup;
			children = (
				35F384466A615BD45DE14EA9 /* Pods-HaCareem_Dexterous.debug.xcconfig */,
				CA0D339F7EA4A1598AB5614C /* Pods-HaCareem_Dexterous.release.xcconfig */,
			);
			name = Pods;
			sourceTree = "<group>";
		};
		BDB22F5E1EB4873F00FD4361 = {
			isa = PBXGroup;
			children = (
				BDB22F691EB4873F00FD4361 /* HaCareem_Dexterous */,
				BDB22F681EB4873F00FD4361 /* Products */,
				85AD34EFCBD4DB9232BD9A42 /* Pods */,
				6946AC9691DF08C4E5820DE1 /* Frameworks */,
			);
			sourceTree = "<group>";
		};
		BDB22F681EB4873F00FD4361 /* Products */ = {
			isa = PBXGroup;
			children = (
				BDB22F671EB4873F00FD4361 /* HaCareem_Dexterous.app */,
			);
			name = Products;
			sourceTree = "<group>";
		};
		BDB22F691EB4873F00FD4361 /* HaCareem_Dexterous */ = {
			isa = PBXGroup;
			children = (
				BDB22F6E1EB4873F00FD4361 /* Main.storyboard */,
				BDB22F841EB4879900FD4361 /* Controllers */,
				BDB22F851EB4879E00FD4361 /* Services */,
				BDB22F831EB4878500FD4361 /* Models */,
				BDB22F821EB4878100FD4361 /* Views */,
				BDB22F861EB487A700FD4361 /* Supporting Files */,
			);
			path = HaCareem_Dexterous;
			sourceTree = "<group>";
		};
		BDB22F821EB4878100FD4361 /* Views */ = {
			isa = PBXGroup;
			children = (
				874C720E1EB4E36400FE355B /* RoundTextField.swift */,
				874C72141EB4FFDC00FE355B /* RoundImageView.swift */,
				874C72181EB5053E00FE355B /* RoundSegmentControl.swift */,
				874C721A1EB5115300FE355B /* RoundButton.swift */,
			);
			name = Views;
			sourceTree = "<group>";
		};
		BDB22F831EB4878500FD4361 /* Models */ = {
			isa = PBXGroup;
			children = (
			);
			name = Models;
			sourceTree = "<group>";
		};
		BDB22F841EB4879900FD4361 /* Controllers */ = {
			isa = PBXGroup;
			children = (
				BDB22F6C1EB4873F00FD4361 /* ViewController.swift */,
			);
			name = Controllers;
			sourceTree = "<group>";
		};
		BDB22F851EB4879E00FD4361 /* Services */ = {
			isa = PBXGroup;
			children = (
			);
			name = Services;
			sourceTree = "<group>";
		};
		BDB22F861EB487A700FD4361 /* Supporting Files */ = {
			isa = PBXGroup;
			children = (
				BDB22F741EB4873F00FD4361 /* Assets.xcassets */,
				BDB22F761EB4873F00FD4361 /* LaunchScreen.storyboard */,
				BDB22F791EB4873F00FD4361 /* Info.plist */,
				BDB22F711EB4873F00FD4361 /* HaCareem_Dexterous.xcdatamodeld */,
				BDB22F6A1EB4873F00FD4361 /* AppDelegate.swift */,
			);
			name = "Supporting Files";
			sourceTree = "<group>";
		};
/* End PBXGroup section */

/* Begin PBXNativeTarget section */
		BDB22F661EB4873F00FD4361 /* HaCareem_Dexterous */ = {
			isa = PBXNativeTarget;
			buildConfigurationList = BDB22F7C1EB4873F00FD4361 /* Build configuration list for PBXNativeTarget "HaCareem_Dexterous" */;
			buildPhases = (
				768AFD5AEF4D595B06660890 /* [CP] Check Pods Manifest.lock */,
				BDB22F631EB4873F00FD4361 /* Sources */,
				BDB22F641EB4873F00FD4361 /* Frameworks */,
				BDB22F651EB4873F00FD4361 /* Resources */,
				0C5749DABF6647531478F549 /* [CP] Embed Pods Frameworks */,
				834D08772B3BCE8667793F16 /* [CP] Copy Pods Resources */,
			);
			buildRules = (
			);
			dependencies = (
			);
			name = HaCareem_Dexterous;
			productName = HaCareem_Dexterous;
			productReference = BDB22F671EB4873F00FD4361 /* HaCareem_Dexterous.app */;
			productType = "com.apple.product-type.application";
		};
/* End PBXNativeTarget section */

/* Begin PBXProject section */
		BDB22F5F1EB4873F00FD4361 /* Project object */ = {
			isa = PBXProject;
			attributes = {
				LastSwiftUpdateCheck = 0830;
				LastUpgradeCheck = 0830;
				ORGANIZATIONNAME = "Asher Ahsan";
				TargetAttributes = {
					BDB22F661EB4873F00FD4361 = {
						CreatedOnToolsVersion = 8.3.1;
						DevelopmentTeam = JEWZ4282UX;
						ProvisioningStyle = Automatic;
					};
				};
			};
			buildConfigurationList = BDB22F621EB4873F00FD4361 /* Build configuration list for PBXProject "HaCareem_Dexterous" */;
			compatibilityVersion = "Xcode 3.2";
			developmentRegion = English;
			hasScannedForEncodings = 0;
			knownRegions = (
				en,
				Base,
			);
			mainGroup = BDB22F5E1EB4873F00FD4361;
			productRefGroup = BDB22F681EB4873F00FD4361 /* Products */;
			projectDirPath = "";
			projectRoot = "";
			targets = (
				BDB22F661EB4873F00FD4361 /* HaCareem_Dexterous */,
			);
		};
/* End PBXProject section */

/* Begin PBXResourcesBuildPhase section */
		BDB22F651EB4873F00FD4361 /* Resources */ = {
			isa = PBXResourcesBuildPhase;
			buildActionMask = 2147483647;
			files = (
				BDB22F781EB4873F00FD4361 /* LaunchScreen.storyboard in Resources */,
				BDB22F751EB4873F00FD4361 /* Assets.xcassets in Resources */,
				BDB22F701EB4873F00FD4361 /* Main.storyboard in Resources */,
			);
			runOnlyForDeploymentPostprocessing = 0;
		};
/* End PBXResourcesBuildPhase section */

/* Begin PBXShellScriptBuildPhase section */
		0C5749DABF6647531478F549 /* [CP] Embed Pods Frameworks */ = {
			isa = PBXShellScriptBuildPhase;
			buildActionMask = 2147483647;
			files = (
			);
			inputPaths = (
			);
			name = "[CP] Embed Pods Frameworks";
			outputPaths = (
			);
			runOnlyForDeploymentPostprocessing = 0;
			shellPath = /bin/sh;
			shellScript = "\"${SRCROOT}/Pods/Target Support Files/Pods-HaCareem_Dexterous/Pods-HaCareem_Dexterous-frameworks.sh\"\n";
			showEnvVarsInLog = 0;
		};
		768AFD5AEF4D595B06660890 /* [CP] Check Pods Manifest.lock */ = {
			isa = PBXShellScriptBuildPhase;
			buildActionMask = 2147483647;
			files = (
			);
			inputPaths = (
			);
			name = "[CP] Check Pods Manifest.lock";
			outputPaths = (
			);
			runOnlyForDeploymentPostprocessing = 0;
			shellPath = /bin/sh;
			shellScript = "diff \"${PODS_PODFILE_DIR_PATH}/Podfile.lock\" \"${PODS_ROOT}/Manifest.lock\" > /dev/null\nif [ $? != 0 ] ; then\n    # print error to STDERR\n    echo \"error: The sandbox is not in sync with the Podfile.lock. Run 'pod install' or update your CocoaPods installation.\" >&2\n    exit 1\nfi\n";
			showEnvVarsInLog = 0;
		};
		834D08772B3BCE8667793F16 /* [CP] Copy Pods Resources */ = {
			isa = PBXShellScriptBuildPhase;
			buildActionMask = 2147483647;
			files = (
			);
			inputPaths = (
			);
			name = "[CP] Copy Pods Resources";
			outputPaths = (
			);
			runOnlyForDeploymentPostprocessing = 0;
			shellPath = /bin/sh;
			shellScript = "\"${SRCROOT}/Pods/Target Support Files/Pods-HaCareem_Dexterous/Pods-HaCareem_Dexterous-resources.sh\"\n";
			showEnvVarsInLog = 0;
		};
/* End PBXShellScriptBuildPhase section */

/* Begin PBXSourcesBuildPhase section */
		BDB22F631EB4873F00FD4361 /* Sources */ = {
			isa = PBXSourcesBuildPhase;
			buildActionMask = 2147483647;
			files = (
				874C72151EB4FFDC00FE355B /* RoundImageView.swift in Sources */,
				874C720F1EB4E36400FE355B /* RoundTextField.swift in Sources */,
				874C721B1EB5115300FE355B /* RoundButton.swift in Sources */,
				BDB22F731EB4873F00FD4361 /* HaCareem_Dexterous.xcdatamodeld in Sources */,
				BDB22F6D1EB4873F00FD4361 /* ViewController.swift in Sources */,
				874C72191EB5053E00FE355B /* RoundSegmentControl.swift in Sources */,
				BDB22F6B1EB4873F00FD4361 /* AppDelegate.swift in Sources */,
			);
			runOnlyForDeploymentPostprocessing = 0;
		};
/* End PBXSourcesBuildPhase section */

/* Begin PBXVariantGroup section */
		BDB22F6E1EB4873F00FD4361 /* Main.storyboard */ = {
			isa = PBXVariantGroup;
			children = (
				BDB22F6F1EB4873F00FD4361 /* Base */,
			);
			name = Main.storyboard;
			sourceTree = "<group>";
		};
		BDB22F761EB4873F00FD4361 /* LaunchScreen.storyboard */ = {
			isa = PBXVariantGroup;
			children = (
				BDB22F771EB4873F00FD4361 /* Base */,
			);
			name = LaunchScreen.storyboard;
			sourceTree = "<group>";
		};
/* End PBXVariantGroup section */

/* Begin XCBuildConfiguration section */
		BDB22F7A1EB4873F00FD4361 /* Debug */ = {
			isa = XCBuildConfiguration;
			buildSettings = {
				ALWAYS_SEARCH_USER_PATHS = NO;
				CLANG_ANALYZER_NONNULL = YES;
				CLANG_ANALYZER_NUMBER_OBJECT_CONVERSION = YES_AGGRESSIVE;
				CLANG_CXX_LANGUAGE_STANDARD = "gnu++0x";
				CLANG_CXX_LIBRARY = "libc++";
				CLANG_ENABLE_MODULES = YES;
				CLANG_ENABLE_OBJC_ARC = YES;
				CLANG_WARN_BOOL_CONVERSION = YES;
				CLANG_WARN_CONSTANT_CONVERSION = YES;
				CLANG_WARN_DIRECT_OBJC_ISA_USAGE = YES_ERROR;
				CLANG_WARN_DOCUMENTATION_COMMENTS = YES;
				CLANG_WARN_EMPTY_BODY = YES;
				CLANG_WARN_ENUM_CONVERSION = YES;
				CLANG_WARN_INFINITE_RECURSION = YES;
				CLANG_WARN_INT_CONVERSION = YES;
				CLANG_WARN_OBJC_ROOT_CLASS = YES_ERROR;
				CLANG_WARN_SUSPICIOUS_MOVE = YES;
				CLANG_WARN_UNREACHABLE_CODE = YES;
				CLANG_WARN__DUPLICATE_METHOD_MATCH = YES;
				"CODE_SIGN_IDENTITY[sdk=iphoneos*]" = "iPhone Developer";
				COPY_PHASE_STRIP = NO;
				DEBUG_INFORMATION_FORMAT = dwarf;
				ENABLE_STRICT_OBJC_MSGSEND = YES;
				ENABLE_TESTABILITY = YES;
				GCC_C_LANGUAGE_STANDARD = gnu99;
				GCC_DYNAMIC_NO_PIC = NO;
				GCC_NO_COMMON_BLOCKS = YES;
				GCC_OPTIMIZATION_LEVEL = 0;
				GCC_PREPROCESSOR_DEFINITIONS = (
					"DEBUG=1",
					"$(inherited)",
				);
				GCC_WARN_64_TO_32_BIT_CONVERSION = YES;
				GCC_WARN_ABOUT_RETURN_TYPE = YES_ERROR;
				GCC_WARN_UNDECLARED_SELECTOR = YES;
				GCC_WARN_UNINITIALIZED_AUTOS = YES_AGGRESSIVE;
				GCC_WARN_UNUSED_FUNCTION = YES;
				GCC_WARN_UNUSED_VARIABLE = YES;
				IPHONEOS_DEPLOYMENT_TARGET = 10.3;
				MTL_ENABLE_DEBUG_INFO = YES;
				ONLY_ACTIVE_ARCH = YES;
				SDKROOT = iphoneos;
				SWIFT_ACTIVE_COMPILATION_CONDITIONS = DEBUG;
				SWIFT_OPTIMIZATION_LEVEL = "-Onone";
			};
			name = Debug;
		};
		BDB22F7B1EB4873F00FD4361 /* Release */ = {
			isa = XCBuildConfiguration;
			buildSettings = {
				ALWAYS_SEARCH_USER_PATHS = NO;
				CLANG_ANALYZER_NONNULL = YES;
				CLANG_ANALYZER_NUMBER_OBJECT_CONVERSION = YES_AGGRESSIVE;
				CLANG_CXX_LANGUAGE_STANDARD = "gnu++0x";
				CLANG_CXX_LIBRARY = "libc++";
				CLANG_ENABLE_MODULES = YES;
				CLANG_ENABLE_OBJC_ARC = YES;
				CLANG_WARN_BOOL_CONVERSION = YES;
				CLANG_WARN_CONSTANT_CONVERSION = YES;
				CLANG_WARN_DIRECT_OBJC_ISA_USAGE = YES_ERROR;
				CLANG_WARN_DOCUMENTATION_COMMENTS = YES;
				CLANG_WARN_EMPTY_BODY = YES;
				CLANG_WARN_ENUM_CONVERSION = YES;
				CLANG_WARN_INFINITE_RECURSION = YES;
				CLANG_WARN_INT_CONVERSION = YES;
				CLANG_WARN_OBJC_ROOT_CLASS = YES_ERROR;
				CLANG_WARN_SUSPICIOUS_MOVE = YES;
				CLANG_WARN_UNREACHABLE_CODE = YES;
				CLANG_WARN__DUPLICATE_METHOD_MATCH = YES;
				"CODE_SIGN_IDENTITY[sdk=iphoneos*]" = "iPhone Developer";
				COPY_PHASE_STRIP = NO;
				DEBUG_INFORMATION_FORMAT = "dwarf-with-dsym";
				ENABLE_NS_ASSERTIONS = NO;
				ENABLE_STRICT_OBJC_MSGSEND = YES;
				GCC_C_LANGUAGE_STANDARD = gnu99;
				GCC_NO_COMMON_BLOCKS = YES;
				GCC_WARN_64_TO_32_BIT_CONVERSION = YES;
				GCC_WARN_ABOUT_RETURN_TYPE = YES_ERROR;
				GCC_WARN_UNDECLARED_SELECTOR = YES;
				GCC_WARN_UNINITIALIZED_AUTOS = YES_AGGRESSIVE;
				GCC_WARN_UNUSED_FUNCTION = YES;
				GCC_WARN_UNUSED_VARIABLE = YES;
				IPHONEOS_DEPLOYMENT_TARGET = 10.3;
				MTL_ENABLE_DEBUG_INFO = NO;
				SDKROOT = iphoneos;
				SWIFT_OPTIMIZATION_LEVEL = "-Owholemodule";
				VALIDATE_PRODUCT = YES;
			};
			name = Release;
		};
		BDB22F7D1EB4873F00FD4361 /* Debug */ = {
			isa = XCBuildConfiguration;
			baseConfigurationReference = 35F384466A615BD45DE14EA9 /* Pods-HaCareem_Dexterous.debug.xcconfig */;
			buildSettings = {
				ASSETCATALOG_COMPILER_APPICON_NAME = AppIcon;
				DEVELOPMENT_TEAM = JEWZ4282UX;
				INFOPLIST_FILE = HaCareem_Dexterous/Info.plist;
				LD_RUNPATH_SEARCH_PATHS = "$(inherited) @executable_path/Frameworks";
				PRODUCT_BUNDLE_IDENTIFIER = "com.dsu.HaCareem-Dexterous";
				PRODUCT_NAME = "$(TARGET_NAME)";
				SWIFT_VERSION = 3.0;
				TARGETED_DEVICE_FAMILY = "1,2";
			};
			name = Debug;
		};
		BDB22F7E1EB4873F00FD4361 /* Release */ = {
			isa = XCBuildConfiguration;
			baseConfigurationReference = CA0D339F7EA4A1598AB5614C /* Pods-HaCareem_Dexterous.release.xcconfig */;
			buildSettings = {
				ASSETCATALOG_COMPILER_APPICON_NAME = AppIcon;
				DEVELOPMENT_TEAM = JEWZ4282UX;
				INFOPLIST_FILE = HaCareem_Dexterous/Info.plist;
				LD_RUNPATH_SEARCH_PATHS = "$(inherited) @executable_path/Frameworks";
				PRODUCT_BUNDLE_IDENTIFIER = "com.dsu.HaCareem-Dexterous";
				PRODUCT_NAME = "$(TARGET_NAME)";
				SWIFT_VERSION = 3.0;
				TARGETED_DEVICE_FAMILY = "1,2";
			};
			name = Release;
		};
/* End XCBuildConfiguration section */

/* Begin XCConfigurationList section */
		BDB22F621EB4873F00FD4361 /* Build configuration list for PBXProject "HaCareem_Dexterous" */ = {
			isa = XCConfigurationList;
			buildConfigurations = (
				BDB22F7A1EB4873F00FD4361 /* Debug */,
				BDB22F7B1EB4873F00FD4361 /* Release */,
			);
			defaultConfigurationIsVisible = 0;
			defaultConfigurationName = Release;
		};
		BDB22F7C1EB4873F00FD4361 /* Build configuration list for PBXNativeTarget "HaCareem_Dexterous" */ = {
			isa = XCConfigurationList;
			buildConfigurations = (
				BDB22F7D1EB4873F00FD4361 /* Debug */,
				BDB22F7E1EB4873F00FD4361 /* Release */,
			);
			defaultConfigurationIsVisible = 0;
			defaultConfigurationName = Release;
		};
/* End XCConfigurationList section */

/* Begin XCVersionGroup section */
		BDB22F711EB4873F00FD4361 /* HaCareem_Dexterous.xcdatamodeld */ = {
			isa = XCVersionGroup;
			children = (
				BDB22F721EB4873F00FD4361 /* HaCareem_Dexterous.xcdatamodel */,
			);
			currentVersion = BDB22F721EB4873F00FD4361 /* HaCareem_Dexterous.xcdatamodel */;
			path = HaCareem_Dexterous.xcdatamodeld;
			sourceTree = "<group>";
			versionGroupType = wrapper.xcdatamodel;
		};
/* End XCVersionGroup section */
	};
	rootObject = BDB22F5F1EB4873F00FD4361 /* Project object */;
}
